// !$*UTF8*$!
{
	archiveVersion = 1;
	classes = {
	};
	objectVersion = 56;
	objects = {

/* Begin PBXBuildFile section */
		1FD31F67305EDD4AA35BE59C /* Pods_OneAppiOSUIKit_OneAppiOSUIKitTests.framework in Frameworks */ = {isa = PBXBuildFile; fileRef = 64213BE611E266FB956223A5 /* Pods_OneAppiOSUIKit_OneAppiOSUIKitTests.framework */; };
		521EE7982D37985800BEDA9C /* AppDelegate.swift in Sources */ = {isa = PBXBuildFile; fileRef = 521EE7972D37985800BEDA9C /* AppDelegate.swift */; };
		521EE79A2D37985800BEDA9C /* SceneDelegate.swift in Sources */ = {isa = PBXBuildFile; fileRef = 521EE7992D37985800BEDA9C /* SceneDelegate.swift */; };
		521EE79F2D37985800BEDA9C /* Base in Resources */ = {isa = PBXBuildFile; fileRef = 521EE79E2D37985800BEDA9C /* Base */; };
		521EE7A12D37985900BEDA9C /* Assets.xcassets in Resources */ = {isa = PBXBuildFile; fileRef = 521EE7A02D37985900BEDA9C /* Assets.xcassets */; };
		521EE7A42D37985900BEDA9C /* Base in Resources */ = {isa = PBXBuildFile; fileRef = 521EE7A32D37985900BEDA9C /* Base */; };
		521EE7AF2D37985900BEDA9C /* OneAppUIKitTests.swift in Sources */ = {isa = PBXBuildFile; fileRef = 521EE7AE2D37985900BEDA9C /* OneAppUIKitTests.swift */; };
		521EE7B92D37985900BEDA9C /* OneAppUIKitUITests.swift in Sources */ = {isa = PBXBuildFile; fileRef = 521EE7B82D37985900BEDA9C /* OneAppUIKitUITests.swift */; };
		521EE7BB2D37985900BEDA9C /* OneAppUIKitUITestsLaunchTests.swift in Sources */ = {isa = PBXBuildFile; fileRef = 521EE7BA2D37985900BEDA9C /* OneAppUIKitUITestsLaunchTests.swift */; };
		521EE7D02D37989B00BEDA9C /* OneAppiOSUIKit.docc in Sources */ = {isa = PBXBuildFile; fileRef = 521EE7CF2D37989B00BEDA9C /* OneAppiOSUIKit.docc */; };
		521EE7D62D37989B00BEDA9C /* OneAppiOSUIKit.framework in Frameworks */ = {isa = PBXBuildFile; fileRef = 521EE7CC2D37989B00BEDA9C /* OneAppiOSUIKit.framework */; };
		521EE7DD2D37989B00BEDA9C /* OneAppiOSUIKitTests.swift in Sources */ = {isa = PBXBuildFile; fileRef = 521EE7DC2D37989B00BEDA9C /* OneAppiOSUIKitTests.swift */; };
		521EE7DE2D37989B00BEDA9C /* OneAppiOSUIKit.h in Headers */ = {isa = PBXBuildFile; fileRef = 521EE7CE2D37989B00BEDA9C /* OneAppiOSUIKit.h */; settings = {ATTRIBUTES = (Public, ); }; };
		521EE7E12D37989B00BEDA9C /* OneAppiOSUIKit.framework in Frameworks */ = {isa = PBXBuildFile; fileRef = 521EE7CC2D37989B00BEDA9C /* OneAppiOSUIKit.framework */; };
		521EE7E22D37989B00BEDA9C /* OneAppiOSUIKit.framework in Embed Frameworks */ = {isa = PBXBuildFile; fileRef = 521EE7CC2D37989B00BEDA9C /* OneAppiOSUIKit.framework */; settings = {ATTRIBUTES = (CodeSignOnCopy, RemoveHeadersOnCopy, ); }; };
		521EE80C2D3798BC00BEDA9C /* DSWaitingScreenViewController.swift in Sources */ = {isa = PBXBuildFile; fileRef = 521EE7EA2D3798BC00BEDA9C /* DSWaitingScreenViewController.swift */; };
		521EE80D2D3798BC00BEDA9C /* DSWaitingScreenAccessibility.swift in Sources */ = {isa = PBXBuildFile; fileRef = 521EE7EC2D3798BC00BEDA9C /* DSWaitingScreenAccessibility.swift */; };
		521EE80E2D3798BC00BEDA9C /* DSWaitingScreenDelegate.swift in Sources */ = {isa = PBXBuildFile; fileRef = 521EE7ED2D3798BC00BEDA9C /* DSWaitingScreenDelegate.swift */; };
		521EE80F2D3798BC00BEDA9C /* DSWaitingScreenInterface.swift in Sources */ = {isa = PBXBuildFile; fileRef = 521EE7EE2D3798BC00BEDA9C /* DSWaitingScreenInterface.swift */; };
		521EE8102D3798BC00BEDA9C /* DSWaitingScreenViewModel.swift in Sources */ = {isa = PBXBuildFile; fileRef = 521EE7EF2D3798BC00BEDA9C /* DSWaitingScreenViewModel.swift */; };
		521EE8112D3798BC00BEDA9C /* WaitingScreenMediaView.swift in Sources */ = {isa = PBXBuildFile; fileRef = 521EE7F12D3798BC00BEDA9C /* WaitingScreenMediaView.swift */; };
		521EE8122D3798BC00BEDA9C /* DSWaitingScreen.swift in Sources */ = {isa = PBXBuildFile; fileRef = 521EE7F32D3798BC00BEDA9C /* DSWaitingScreen.swift */; };
		521EE8132D3798BC00BEDA9C /* UIImageViewExtension.swift in Sources */ = {isa = PBXBuildFile; fileRef = 521EE7F62D3798BC00BEDA9C /* UIImageViewExtension.swift */; };
		521EE8142D3798BC00BEDA9C /* UIStackViewExtension.swift in Sources */ = {isa = PBXBuildFile; fileRef = 521EE7F72D3798BC00BEDA9C /* UIStackViewExtension.swift */; };
		521EE8152D3798BC00BEDA9C /* UIViewExtension.swift in Sources */ = {isa = PBXBuildFile; fileRef = 521EE7F82D3798BC00BEDA9C /* UIViewExtension.swift */; };
		521EE8162D3798BC00BEDA9C /* KcsUIKitFlowViewController.swift in Sources */ = {isa = PBXBuildFile; fileRef = 521EE7FA2D3798BC00BEDA9C /* KcsUIKitFlowViewController.swift */; };
		521EE8172D3798BC00BEDA9C /* KcsUIKitFlowViewController.xib in Resources */ = {isa = PBXBuildFile; fileRef = 521EE7FB2D3798BC00BEDA9C /* KcsUIKitFlowViewController.xib */; };
		521EE8182D3798BC00BEDA9C /* KcsLandingViewController.swift in Sources */ = {isa = PBXBuildFile; fileRef = 521EE7FD2D3798BC00BEDA9C /* KcsLandingViewController.swift */; };
		521EE8192D3798BC00BEDA9C /* KcsLandingViewController.xib in Resources */ = {isa = PBXBuildFile; fileRef = 521EE7FE2D3798BC00BEDA9C /* KcsLandingViewController.xib */; };
		521EE81A2D3798BC00BEDA9C /* KcsWaitingScreenEntryPointViewController.swift in Sources */ = {isa = PBXBuildFile; fileRef = 521EE8002D3798BC00BEDA9C /* KcsWaitingScreenEntryPointViewController.swift */; };
		521EE81B2D3798BC00BEDA9C /* KcsWaitingScreenEntryPointViewController.xib in Resources */ = {isa = PBXBuildFile; fileRef = 521EE8012D3798BC00BEDA9C /* KcsWaitingScreenEntryPointViewController.xib */; };
		521EE81C2D3798BC00BEDA9C /* KcsWaitingScreenViewController.swift in Sources */ = {isa = PBXBuildFile; fileRef = 521EE8022D3798BC00BEDA9C /* KcsWaitingScreenViewController.swift */; };
		521EE81D2D3798BC00BEDA9C /* KcsWaitingScreenViewController.xib in Resources */ = {isa = PBXBuildFile; fileRef = 521EE8032D3798BC00BEDA9C /* KcsWaitingScreenViewController.xib */; };
		521EE81E2D3798BC00BEDA9C /* KitchenSinkNavigationView.swift in Sources */ = {isa = PBXBuildFile; fileRef = 521EE8052D3798BC00BEDA9C /* KitchenSinkNavigationView.swift */; };
		521EE81F2D3798BC00BEDA9C /* KitchenSinkNavigationView.xib in Resources */ = {isa = PBXBuildFile; fileRef = 521EE8062D3798BC00BEDA9C /* KitchenSinkNavigationView.xib */; };
		521EE8202D3798BC00BEDA9C /* UIKitViewController.swift in Sources */ = {isa = PBXBuildFile; fileRef = 521EE8092D3798BC00BEDA9C /* UIKitViewController.swift */; };
		9258D61FB3399AFC7F213A58 /* Pods_OneAppUIKit_OneAppUIKitUITests.framework in Frameworks */ = {isa = PBXBuildFile; fileRef = BD0F3E33654957224B5EB079 /* Pods_OneAppUIKit_OneAppUIKitUITests.framework */; };
		ACFE52A59DB29A7E43179B6F /* Pods_OneAppiOSUIKit.framework in Frameworks */ = {isa = PBXBuildFile; fileRef = 76BDF3907CBBE55218E3C3B1 /* Pods_OneAppiOSUIKit.framework */; };
		E2150B0B23C91D50B609E6F1 /* Pods_OneAppUIKit.framework in Frameworks */ = {isa = PBXBuildFile; fileRef = DFFD2F67FBDD05620EA0E8B2 /* Pods_OneAppUIKit.framework */; };
		F4C391946E15820944E67C68 /* Pods_OneAppUIKitTests.framework in Frameworks */ = {isa = PBXBuildFile; fileRef = 5B3ADD8B01981D57FC5B08F1 /* Pods_OneAppUIKitTests.framework */; };
/* End PBXBuildFile section */

/* Begin PBXContainerItemProxy section */
		521EE7AB2D37985900BEDA9C /* PBXContainerItemProxy */ = {
			isa = PBXContainerItemProxy;
			containerPortal = 521EE78C2D37985800BEDA9C /* Project object */;
			proxyType = 1;
			remoteGlobalIDString = 521EE7932D37985800BEDA9C;
			remoteInfo = OneAppUIKit;
		};
		521EE7B52D37985900BEDA9C /* PBXContainerItemProxy */ = {
			isa = PBXContainerItemProxy;
			containerPortal = 521EE78C2D37985800BEDA9C /* Project object */;
			proxyType = 1;
			remoteGlobalIDString = 521EE7932D37985800BEDA9C;
			remoteInfo = OneAppUIKit;
		};
		521EE7D72D37989B00BEDA9C /* PBXContainerItemProxy */ = {
			isa = PBXContainerItemProxy;
			containerPortal = 521EE78C2D37985800BEDA9C /* Project object */;
			proxyType = 1;
			remoteGlobalIDString = 521EE7CB2D37989B00BEDA9C;
			remoteInfo = OneAppiOSUIKit;
		};
		521EE7D92D37989B00BEDA9C /* PBXContainerItemProxy */ = {
			isa = PBXContainerItemProxy;
			containerPortal = 521EE78C2D37985800BEDA9C /* Project object */;
			proxyType = 1;
			remoteGlobalIDString = 521EE7932D37985800BEDA9C;
			remoteInfo = OneAppUIKit;
		};
		521EE7DF2D37989B00BEDA9C /* PBXContainerItemProxy */ = {
			isa = PBXContainerItemProxy;
			containerPortal = 521EE78C2D37985800BEDA9C /* Project object */;
			proxyType = 1;
			remoteGlobalIDString = 521EE7CB2D37989B00BEDA9C;
			remoteInfo = OneAppiOSUIKit;
		};
/* End PBXContainerItemProxy section */

/* Begin PBXCopyFilesBuildPhase section */
		521EE7E62D37989B00BEDA9C /* Embed Frameworks */ = {
			isa = PBXCopyFilesBuildPhase;
			buildActionMask = 2147483647;
			dstPath = "";
			dstSubfolderSpec = 10;
			files = (
				521EE7E22D37989B00BEDA9C /* OneAppiOSUIKit.framework in Embed Frameworks */,
			);
			name = "Embed Frameworks";
			runOnlyForDeploymentPostprocessing = 0;
		};
/* End PBXCopyFilesBuildPhase section */

/* Begin PBXFileReference section */
		175AB16966EA78DDCAD2360E /* Pods-OneAppiOSUIKit-OneAppiOSUIKitTests.debug.xcconfig */ = {isa = PBXFileReference; includeInIndex = 1; lastKnownFileType = text.xcconfig; name = "Pods-OneAppiOSUIKit-OneAppiOSUIKitTests.debug.xcconfig"; path = "Target Support Files/Pods-OneAppiOSUIKit-OneAppiOSUIKitTests/Pods-OneAppiOSUIKit-OneAppiOSUIKitTests.debug.xcconfig"; sourceTree = "<group>"; };
		48BBEDFF5A036463083F31F0 /* Pods-OneAppUIKitTests.release.xcconfig */ = {isa = PBXFileReference; includeInIndex = 1; lastKnownFileType = text.xcconfig; name = "Pods-OneAppUIKitTests.release.xcconfig"; path = "Target Support Files/Pods-OneAppUIKitTests/Pods-OneAppUIKitTests.release.xcconfig"; sourceTree = "<group>"; };
		5140941CFC9D139B867D39AA /* Pods-OneAppUIKit.debug.xcconfig */ = {isa = PBXFileReference; includeInIndex = 1; lastKnownFileType = text.xcconfig; name = "Pods-OneAppUIKit.debug.xcconfig"; path = "Target Support Files/Pods-OneAppUIKit/Pods-OneAppUIKit.debug.xcconfig"; sourceTree = "<group>"; };
		521EE7942D37985800BEDA9C /* OneAppUIKit.app */ = {isa = PBXFileReference; explicitFileType = wrapper.application; includeInIndex = 0; path = OneAppUIKit.app; sourceTree = BUILT_PRODUCTS_DIR; };
		521EE7972D37985800BEDA9C /* AppDelegate.swift */ = {isa = PBXFileReference; lastKnownFileType = sourcecode.swift; path = AppDelegate.swift; sourceTree = "<group>"; };
		521EE7992D37985800BEDA9C /* SceneDelegate.swift */ = {isa = PBXFileReference; lastKnownFileType = sourcecode.swift; path = SceneDelegate.swift; sourceTree = "<group>"; };
		521EE79E2D37985800BEDA9C /* Base */ = {isa = PBXFileReference; lastKnownFileType = file.storyboard; name = Base; path = Base.lproj/Main.storyboard; sourceTree = "<group>"; };
		521EE7A02D37985900BEDA9C /* Assets.xcassets */ = {isa = PBXFileReference; lastKnownFileType = folder.assetcatalog; path = Assets.xcassets; sourceTree = "<group>"; };
		521EE7A32D37985900BEDA9C /* Base */ = {isa = PBXFileReference; lastKnownFileType = file.storyboard; name = Base; path = Base.lproj/LaunchScreen.storyboard; sourceTree = "<group>"; };
		521EE7A52D37985900BEDA9C /* Info.plist */ = {isa = PBXFileReference; lastKnownFileType = text.plist.xml; path = Info.plist; sourceTree = "<group>"; };
		521EE7AA2D37985900BEDA9C /* OneAppUIKitTests.xctest */ = {isa = PBXFileReference; explicitFileType = wrapper.cfbundle; includeInIndex = 0; path = OneAppUIKitTests.xctest; sourceTree = BUILT_PRODUCTS_DIR; };
		521EE7AE2D37985900BEDA9C /* OneAppUIKitTests.swift */ = {isa = PBXFileReference; lastKnownFileType = sourcecode.swift; path = OneAppUIKitTests.swift; sourceTree = "<group>"; };
		521EE7B42D37985900BEDA9C /* OneAppUIKitUITests.xctest */ = {isa = PBXFileReference; explicitFileType = wrapper.cfbundle; includeInIndex = 0; path = OneAppUIKitUITests.xctest; sourceTree = BUILT_PRODUCTS_DIR; };
		521EE7B82D37985900BEDA9C /* OneAppUIKitUITests.swift */ = {isa = PBXFileReference; lastKnownFileType = sourcecode.swift; path = OneAppUIKitUITests.swift; sourceTree = "<group>"; };
		521EE7BA2D37985900BEDA9C /* OneAppUIKitUITestsLaunchTests.swift */ = {isa = PBXFileReference; lastKnownFileType = sourcecode.swift; path = OneAppUIKitUITestsLaunchTests.swift; sourceTree = "<group>"; };
		521EE7CC2D37989B00BEDA9C /* OneAppiOSUIKit.framework */ = {isa = PBXFileReference; explicitFileType = wrapper.framework; includeInIndex = 0; path = OneAppiOSUIKit.framework; sourceTree = BUILT_PRODUCTS_DIR; };
		521EE7CE2D37989B00BEDA9C /* OneAppiOSUIKit.h */ = {isa = PBXFileReference; lastKnownFileType = sourcecode.c.h; path = OneAppiOSUIKit.h; sourceTree = "<group>"; };
		521EE7CF2D37989B00BEDA9C /* OneAppiOSUIKit.docc */ = {isa = PBXFileReference; lastKnownFileType = folder.documentationcatalog; path = OneAppiOSUIKit.docc; sourceTree = "<group>"; };
		521EE7D52D37989B00BEDA9C /* OneAppiOSUIKitTests.xctest */ = {isa = PBXFileReference; explicitFileType = wrapper.cfbundle; includeInIndex = 0; path = OneAppiOSUIKitTests.xctest; sourceTree = BUILT_PRODUCTS_DIR; };
		521EE7DC2D37989B00BEDA9C /* OneAppiOSUIKitTests.swift */ = {isa = PBXFileReference; lastKnownFileType = sourcecode.swift; path = OneAppiOSUIKitTests.swift; sourceTree = "<group>"; };
		521EE7EA2D3798BC00BEDA9C /* DSWaitingScreenViewController.swift */ = {isa = PBXFileReference; fileEncoding = 4; lastKnownFileType = sourcecode.swift; path = DSWaitingScreenViewController.swift; sourceTree = "<group>"; };
		521EE7EC2D3798BC00BEDA9C /* DSWaitingScreenAccessibility.swift */ = {isa = PBXFileReference; fileEncoding = 4; lastKnownFileType = sourcecode.swift; path = DSWaitingScreenAccessibility.swift; sourceTree = "<group>"; };
		521EE7ED2D3798BC00BEDA9C /* DSWaitingScreenDelegate.swift */ = {isa = PBXFileReference; fileEncoding = 4; lastKnownFileType = sourcecode.swift; path = DSWaitingScreenDelegate.swift; sourceTree = "<group>"; };
		521EE7EE2D3798BC00BEDA9C /* DSWaitingScreenInterface.swift */ = {isa = PBXFileReference; fileEncoding = 4; lastKnownFileType = sourcecode.swift; path = DSWaitingScreenInterface.swift; sourceTree = "<group>"; };
		521EE7EF2D3798BC00BEDA9C /* DSWaitingScreenViewModel.swift */ = {isa = PBXFileReference; fileEncoding = 4; lastKnownFileType = sourcecode.swift; path = DSWaitingScreenViewModel.swift; sourceTree = "<group>"; };
		521EE7F12D3798BC00BEDA9C /* WaitingScreenMediaView.swift */ = {isa = PBXFileReference; fileEncoding = 4; lastKnownFileType = sourcecode.swift; path = WaitingScreenMediaView.swift; sourceTree = "<group>"; };
		521EE7F32D3798BC00BEDA9C /* DSWaitingScreen.swift */ = {isa = PBXFileReference; fileEncoding = 4; lastKnownFileType = sourcecode.swift; path = DSWaitingScreen.swift; sourceTree = "<group>"; };
		521EE7F62D3798BC00BEDA9C /* UIImageViewExtension.swift */ = {isa = PBXFileReference; fileEncoding = 4; lastKnownFileType = sourcecode.swift; path = UIImageViewExtension.swift; sourceTree = "<group>"; };
		521EE7F72D3798BC00BEDA9C /* UIStackViewExtension.swift */ = {isa = PBXFileReference; fileEncoding = 4; lastKnownFileType = sourcecode.swift; path = UIStackViewExtension.swift; sourceTree = "<group>"; };
		521EE7F82D3798BC00BEDA9C /* UIViewExtension.swift */ = {isa = PBXFileReference; fileEncoding = 4; lastKnownFileType = sourcecode.swift; path = UIViewExtension.swift; sourceTree = "<group>"; };
		521EE7FA2D3798BC00BEDA9C /* KcsUIKitFlowViewController.swift */ = {isa = PBXFileReference; fileEncoding = 4; lastKnownFileType = sourcecode.swift; path = KcsUIKitFlowViewController.swift; sourceTree = "<group>"; };
		521EE7FB2D3798BC00BEDA9C /* KcsUIKitFlowViewController.xib */ = {isa = PBXFileReference; fileEncoding = 4; lastKnownFileType = file.xib; path = KcsUIKitFlowViewController.xib; sourceTree = "<group>"; };
		521EE7FD2D3798BC00BEDA9C /* KcsLandingViewController.swift */ = {isa = PBXFileReference; fileEncoding = 4; lastKnownFileType = sourcecode.swift; path = KcsLandingViewController.swift; sourceTree = "<group>"; };
		521EE7FE2D3798BC00BEDA9C /* KcsLandingViewController.xib */ = {isa = PBXFileReference; fileEncoding = 4; lastKnownFileType = file.xib; path = KcsLandingViewController.xib; sourceTree = "<group>"; };
		521EE8002D3798BC00BEDA9C /* KcsWaitingScreenEntryPointViewController.swift */ = {isa = PBXFileReference; fileEncoding = 4; lastKnownFileType = sourcecode.swift; path = KcsWaitingScreenEntryPointViewController.swift; sourceTree = "<group>"; };
		521EE8012D3798BC00BEDA9C /* KcsWaitingScreenEntryPointViewController.xib */ = {isa = PBXFileReference; fileEncoding = 4; lastKnownFileType = file.xib; path = KcsWaitingScreenEntryPointViewController.xib; sourceTree = "<group>"; };
		521EE8022D3798BC00BEDA9C /* KcsWaitingScreenViewController.swift */ = {isa = PBXFileReference; fileEncoding = 4; lastKnownFileType = sourcecode.swift; path = KcsWaitingScreenViewController.swift; sourceTree = "<group>"; };
		521EE8032D3798BC00BEDA9C /* KcsWaitingScreenViewController.xib */ = {isa = PBXFileReference; fileEncoding = 4; lastKnownFileType = file.xib; path = KcsWaitingScreenViewController.xib; sourceTree = "<group>"; };
		521EE8052D3798BC00BEDA9C /* KitchenSinkNavigationView.swift */ = {isa = PBXFileReference; fileEncoding = 4; lastKnownFileType = sourcecode.swift; path = KitchenSinkNavigationView.swift; sourceTree = "<group>"; };
		521EE8062D3798BC00BEDA9C /* KitchenSinkNavigationView.xib */ = {isa = PBXFileReference; fileEncoding = 4; lastKnownFileType = file.xib; path = KitchenSinkNavigationView.xib; sourceTree = "<group>"; };
		521EE8092D3798BC00BEDA9C /* UIKitViewController.swift */ = {isa = PBXFileReference; fileEncoding = 4; lastKnownFileType = sourcecode.swift; path = UIKitViewController.swift; sourceTree = "<group>"; };
		5291ED21B1EA91193DC82204 /* Pods-OneAppUIKitTests.debug.xcconfig */ = {isa = PBXFileReference; includeInIndex = 1; lastKnownFileType = text.xcconfig; name = "Pods-OneAppUIKitTests.debug.xcconfig"; path = "Target Support Files/Pods-OneAppUIKitTests/Pods-OneAppUIKitTests.debug.xcconfig"; sourceTree = "<group>"; };
		59E2CCBB9F3E7BA7BA70F3CD /* Pods-OneAppiOSUIKit.release.xcconfig */ = {isa = PBXFileReference; includeInIndex = 1; lastKnownFileType = text.xcconfig; name = "Pods-OneAppiOSUIKit.release.xcconfig"; path = "Target Support Files/Pods-OneAppiOSUIKit/Pods-OneAppiOSUIKit.release.xcconfig"; sourceTree = "<group>"; };
		5B3ADD8B01981D57FC5B08F1 /* Pods_OneAppUIKitTests.framework */ = {isa = PBXFileReference; explicitFileType = wrapper.framework; includeInIndex = 0; path = Pods_OneAppUIKitTests.framework; sourceTree = BUILT_PRODUCTS_DIR; };
		634933537BADC544A5B114DC /* Pods-OneAppUIKit-OneAppUIKitUITests.debug.xcconfig */ = {isa = PBXFileReference; includeInIndex = 1; lastKnownFileType = text.xcconfig; name = "Pods-OneAppUIKit-OneAppUIKitUITests.debug.xcconfig"; path = "Target Support Files/Pods-OneAppUIKit-OneAppUIKitUITests/Pods-OneAppUIKit-OneAppUIKitUITests.debug.xcconfig"; sourceTree = "<group>"; };
		64213BE611E266FB956223A5 /* Pods_OneAppiOSUIKit_OneAppiOSUIKitTests.framework */ = {isa = PBXFileReference; explicitFileType = wrapper.framework; includeInIndex = 0; path = Pods_OneAppiOSUIKit_OneAppiOSUIKitTests.framework; sourceTree = BUILT_PRODUCTS_DIR; };
		6DDFE835147B6B06A3BFD0CA /* Pods-OneAppUIKit.release.xcconfig */ = {isa = PBXFileReference; includeInIndex = 1; lastKnownFileType = text.xcconfig; name = "Pods-OneAppUIKit.release.xcconfig"; path = "Target Support Files/Pods-OneAppUIKit/Pods-OneAppUIKit.release.xcconfig"; sourceTree = "<group>"; };
		76BDF3907CBBE55218E3C3B1 /* Pods_OneAppiOSUIKit.framework */ = {isa = PBXFileReference; explicitFileType = wrapper.framework; includeInIndex = 0; path = Pods_OneAppiOSUIKit.framework; sourceTree = BUILT_PRODUCTS_DIR; };
		B0E9113E74DD2F391EE58A4A /* Pods-OneAppiOSUIKit.debug.xcconfig */ = {isa = PBXFileReference; includeInIndex = 1; lastKnownFileType = text.xcconfig; name = "Pods-OneAppiOSUIKit.debug.xcconfig"; path = "Target Support Files/Pods-OneAppiOSUIKit/Pods-OneAppiOSUIKit.debug.xcconfig"; sourceTree = "<group>"; };
		BC8C78030B8865E0FED2DF9F /* Pods-OneAppiOSUIKit-OneAppiOSUIKitTests.release.xcconfig */ = {isa = PBXFileReference; includeInIndex = 1; lastKnownFileType = text.xcconfig; name = "Pods-OneAppiOSUIKit-OneAppiOSUIKitTests.release.xcconfig"; path = "Target Support Files/Pods-OneAppiOSUIKit-OneAppiOSUIKitTests/Pods-OneAppiOSUIKit-OneAppiOSUIKitTests.release.xcconfig"; sourceTree = "<group>"; };
		BD0F3E33654957224B5EB079 /* Pods_OneAppUIKit_OneAppUIKitUITests.framework */ = {isa = PBXFileReference; explicitFileType = wrapper.framework; includeInIndex = 0; path = Pods_OneAppUIKit_OneAppUIKitUITests.framework; sourceTree = BUILT_PRODUCTS_DIR; };
		DFFD2F67FBDD05620EA0E8B2 /* Pods_OneAppUIKit.framework */ = {isa = PBXFileReference; explicitFileType = wrapper.framework; includeInIndex = 0; path = Pods_OneAppUIKit.framework; sourceTree = BUILT_PRODUCTS_DIR; };
		E6D8E4494D2658E3221A75D7 /* Pods-OneAppUIKit-OneAppUIKitUITests.release.xcconfig */ = {isa = PBXFileReference; includeInIndex = 1; lastKnownFileType = text.xcconfig; name = "Pods-OneAppUIKit-OneAppUIKitUITests.release.xcconfig"; path = "Target Support Files/Pods-OneAppUIKit-OneAppUIKitUITests/Pods-OneAppUIKit-OneAppUIKitUITests.release.xcconfig"; sourceTree = "<group>"; };
/* End PBXFileReference section */

/* Begin PBXFrameworksBuildPhase section */
		521EE7912D37985800BEDA9C /* Frameworks */ = {
			isa = PBXFrameworksBuildPhase;
			buildActionMask = 2147483647;
			files = (
				521EE7E12D37989B00BEDA9C /* OneAppiOSUIKit.framework in Frameworks */,
				E2150B0B23C91D50B609E6F1 /* Pods_OneAppUIKit.framework in Frameworks */,
			);
			runOnlyForDeploymentPostprocessing = 0;
		};
		521EE7A72D37985900BEDA9C /* Frameworks */ = {
			isa = PBXFrameworksBuildPhase;
			buildActionMask = 2147483647;
			files = (
				F4C391946E15820944E67C68 /* Pods_OneAppUIKitTests.framework in Frameworks */,
			);
			runOnlyForDeploymentPostprocessing = 0;
		};
		521EE7B12D37985900BEDA9C /* Frameworks */ = {
			isa = PBXFrameworksBuildPhase;
			buildActionMask = 2147483647;
			files = (
				9258D61FB3399AFC7F213A58 /* Pods_OneAppUIKit_OneAppUIKitUITests.framework in Frameworks */,
			);
			runOnlyForDeploymentPostprocessing = 0;
		};
		521EE7C92D37989B00BEDA9C /* Frameworks */ = {
			isa = PBXFrameworksBuildPhase;
			buildActionMask = 2147483647;
			files = (
				ACFE52A59DB29A7E43179B6F /* Pods_OneAppiOSUIKit.framework in Frameworks */,
			);
			runOnlyForDeploymentPostprocessing = 0;
		};
		521EE7D22D37989B00BEDA9C /* Frameworks */ = {
			isa = PBXFrameworksBuildPhase;
			buildActionMask = 2147483647;
			files = (
				521EE7D62D37989B00BEDA9C /* OneAppiOSUIKit.framework in Frameworks */,
				1FD31F67305EDD4AA35BE59C /* Pods_OneAppiOSUIKit_OneAppiOSUIKitTests.framework in Frameworks */,
			);
			runOnlyForDeploymentPostprocessing = 0;
		};
/* End PBXFrameworksBuildPhase section */

/* Begin PBXGroup section */
		1F710E44A68B53FEECC8269C /* Frameworks */ = {
			isa = PBXGroup;
			children = (
				DFFD2F67FBDD05620EA0E8B2 /* Pods_OneAppUIKit.framework */,
				BD0F3E33654957224B5EB079 /* Pods_OneAppUIKit_OneAppUIKitUITests.framework */,
				5B3ADD8B01981D57FC5B08F1 /* Pods_OneAppUIKitTests.framework */,
				76BDF3907CBBE55218E3C3B1 /* Pods_OneAppiOSUIKit.framework */,
				64213BE611E266FB956223A5 /* Pods_OneAppiOSUIKit_OneAppiOSUIKitTests.framework */,
			);
			name = Frameworks;
			sourceTree = "<group>";
		};
		34375A41021320833C01CE9F /* Pods */ = {
			isa = PBXGroup;
			children = (
				5140941CFC9D139B867D39AA /* Pods-OneAppUIKit.debug.xcconfig */,
				6DDFE835147B6B06A3BFD0CA /* Pods-OneAppUIKit.release.xcconfig */,
				634933537BADC544A5B114DC /* Pods-OneAppUIKit-OneAppUIKitUITests.debug.xcconfig */,
				E6D8E4494D2658E3221A75D7 /* Pods-OneAppUIKit-OneAppUIKitUITests.release.xcconfig */,
				5291ED21B1EA91193DC82204 /* Pods-OneAppUIKitTests.debug.xcconfig */,
				48BBEDFF5A036463083F31F0 /* Pods-OneAppUIKitTests.release.xcconfig */,
				B0E9113E74DD2F391EE58A4A /* Pods-OneAppiOSUIKit.debug.xcconfig */,
				59E2CCBB9F3E7BA7BA70F3CD /* Pods-OneAppiOSUIKit.release.xcconfig */,
				175AB16966EA78DDCAD2360E /* Pods-OneAppiOSUIKit-OneAppiOSUIKitTests.debug.xcconfig */,
				BC8C78030B8865E0FED2DF9F /* Pods-OneAppiOSUIKit-OneAppiOSUIKitTests.release.xcconfig */,
			);
			path = Pods;
			sourceTree = "<group>";
		};
		521EE78B2D37985800BEDA9C = {
			isa = PBXGroup;
			children = (
				521EE7962D37985800BEDA9C /* OneAppUIKit */,
				521EE7AD2D37985900BEDA9C /* OneAppUIKitTests */,
				521EE7B72D37985900BEDA9C /* OneAppUIKitUITests */,
				521EE7CD2D37989B00BEDA9C /* OneAppiOSUIKit */,
				521EE7DB2D37989B00BEDA9C /* OneAppiOSUIKitTests */,
				521EE7952D37985800BEDA9C /* Products */,
				34375A41021320833C01CE9F /* Pods */,
				1F710E44A68B53FEECC8269C /* Frameworks */,
			);
			sourceTree = "<group>";
		};
		521EE7952D37985800BEDA9C /* Products */ = {
			isa = PBXGroup;
			children = (
				521EE7942D37985800BEDA9C /* OneAppUIKit.app */,
				521EE7AA2D37985900BEDA9C /* OneAppUIKitTests.xctest */,
				521EE7B42D37985900BEDA9C /* OneAppUIKitUITests.xctest */,
				521EE7CC2D37989B00BEDA9C /* OneAppiOSUIKit.framework */,
				521EE7D52D37989B00BEDA9C /* OneAppiOSUIKitTests.xctest */,
			);
			name = Products;
			sourceTree = "<group>";
		};
		521EE7962D37985800BEDA9C /* OneAppUIKit */ = {
			isa = PBXGroup;
			children = (
				521EE80B2D3798BC00BEDA9C /* Source */,
				521EE7972D37985800BEDA9C /* AppDelegate.swift */,
				521EE7992D37985800BEDA9C /* SceneDelegate.swift */,
				521EE79D2D37985800BEDA9C /* Main.storyboard */,
				521EE7A02D37985900BEDA9C /* Assets.xcassets */,
				521EE7A22D37985900BEDA9C /* LaunchScreen.storyboard */,
				521EE7A52D37985900BEDA9C /* Info.plist */,
			);
			path = OneAppUIKit;
			sourceTree = "<group>";
		};
		521EE7AD2D37985900BEDA9C /* OneAppUIKitTests */ = {
			isa = PBXGroup;
			children = (
				521EE7AE2D37985900BEDA9C /* OneAppUIKitTests.swift */,
			);
			path = OneAppUIKitTests;
			sourceTree = "<group>";
		};
		521EE7B72D37985900BEDA9C /* OneAppUIKitUITests */ = {
			isa = PBXGroup;
			children = (
				521EE7B82D37985900BEDA9C /* OneAppUIKitUITests.swift */,
				521EE7BA2D37985900BEDA9C /* OneAppUIKitUITestsLaunchTests.swift */,
			);
			path = OneAppUIKitUITests;
			sourceTree = "<group>";
		};
		521EE7CD2D37989B00BEDA9C /* OneAppiOSUIKit */ = {
			isa = PBXGroup;
			children = (
				521EE7CE2D37989B00BEDA9C /* OneAppiOSUIKit.h */,
				521EE7CF2D37989B00BEDA9C /* OneAppiOSUIKit.docc */,
			);
			path = OneAppiOSUIKit;
			sourceTree = "<group>";
		};
		521EE7DB2D37989B00BEDA9C /* OneAppiOSUIKitTests */ = {
			isa = PBXGroup;
			children = (
				521EE7DC2D37989B00BEDA9C /* OneAppiOSUIKitTests.swift */,
			);
			path = OneAppiOSUIKitTests;
			sourceTree = "<group>";
		};
		521EE7EB2D3798BC00BEDA9C /* Controller */ = {
			isa = PBXGroup;
			children = (
				521EE7EA2D3798BC00BEDA9C /* DSWaitingScreenViewController.swift */,
			);
			path = Controller;
			sourceTree = "<group>";
		};
		521EE7F02D3798BC00BEDA9C /* Model */ = {
			isa = PBXGroup;
			children = (
				521EE7EC2D3798BC00BEDA9C /* DSWaitingScreenAccessibility.swift */,
				521EE7ED2D3798BC00BEDA9C /* DSWaitingScreenDelegate.swift */,
				521EE7EE2D3798BC00BEDA9C /* DSWaitingScreenInterface.swift */,
				521EE7EF2D3798BC00BEDA9C /* DSWaitingScreenViewModel.swift */,
			);
			path = Model;
			sourceTree = "<group>";
		};
		521EE7F22D3798BC00BEDA9C /* View */ = {
			isa = PBXGroup;
			children = (
				521EE7F12D3798BC00BEDA9C /* WaitingScreenMediaView.swift */,
			);
			path = View;
			sourceTree = "<group>";
		};
		521EE7F42D3798BC00BEDA9C /* DSWaitingScreen */ = {
			isa = PBXGroup;
			children = (
				521EE7EB2D3798BC00BEDA9C /* Controller */,
				521EE7F02D3798BC00BEDA9C /* Model */,
				521EE7F22D3798BC00BEDA9C /* View */,
				521EE7F32D3798BC00BEDA9C /* DSWaitingScreen.swift */,
			);
			path = DSWaitingScreen;
			sourceTree = "<group>";
		};
		521EE7F52D3798BC00BEDA9C /* Component */ = {
			isa = PBXGroup;
			children = (
				521EE7F42D3798BC00BEDA9C /* DSWaitingScreen */,
			);
			path = Component;
			sourceTree = "<group>";
		};
		521EE7F92D3798BC00BEDA9C /* Extensions */ = {
			isa = PBXGroup;
			children = (
				521EE7F62D3798BC00BEDA9C /* UIImageViewExtension.swift */,
				521EE7F72D3798BC00BEDA9C /* UIStackViewExtension.swift */,
				521EE7F82D3798BC00BEDA9C /* UIViewExtension.swift */,
			);
			path = Extensions;
			sourceTree = "<group>";
		};
		521EE7FC2D3798BC00BEDA9C /* UIKit */ = {
			isa = PBXGroup;
			children = (
				521EE7FA2D3798BC00BEDA9C /* KcsUIKitFlowViewController.swift */,
				521EE7FB2D3798BC00BEDA9C /* KcsUIKitFlowViewController.xib */,
			);
			path = UIKit;
			sourceTree = "<group>";
		};
		521EE7FF2D3798BC00BEDA9C /* KcsLanding */ = {
			isa = PBXGroup;
			children = (
				521EE7FC2D3798BC00BEDA9C /* UIKit */,
				521EE7FD2D3798BC00BEDA9C /* KcsLandingViewController.swift */,
				521EE7FE2D3798BC00BEDA9C /* KcsLandingViewController.xib */,
			);
			path = KcsLanding;
			sourceTree = "<group>";
		};
		521EE8042D3798BC00BEDA9C /* KcsWaitingScreen */ = {
			isa = PBXGroup;
			children = (
				521EE8002D3798BC00BEDA9C /* KcsWaitingScreenEntryPointViewController.swift */,
				521EE8012D3798BC00BEDA9C /* KcsWaitingScreenEntryPointViewController.xib */,
				521EE8022D3798BC00BEDA9C /* KcsWaitingScreenViewController.swift */,
				521EE8032D3798BC00BEDA9C /* KcsWaitingScreenViewController.xib */,
			);
			path = KcsWaitingScreen;
			sourceTree = "<group>";
		};
		521EE8072D3798BC00BEDA9C /* KitchenSinkNavigationBar */ = {
			isa = PBXGroup;
			children = (
				521EE8052D3798BC00BEDA9C /* KitchenSinkNavigationView.swift */,
				521EE8062D3798BC00BEDA9C /* KitchenSinkNavigationView.xib */,
			);
			path = KitchenSinkNavigationBar;
			sourceTree = "<group>";
		};
		521EE8082D3798BC00BEDA9C /* KitchenSinkPages */ = {
			isa = PBXGroup;
			children = (
				521EE7FF2D3798BC00BEDA9C /* KcsLanding */,
				521EE8042D3798BC00BEDA9C /* KcsWaitingScreen */,
				521EE8072D3798BC00BEDA9C /* KitchenSinkNavigationBar */,
			);
			path = KitchenSinkPages;
			sourceTree = "<group>";
		};
		521EE80A2D3798BC00BEDA9C /* ViewController */ = {
			isa = PBXGroup;
			children = (
				521EE8092D3798BC00BEDA9C /* UIKitViewController.swift */,
			);
			path = ViewController;
			sourceTree = "<group>";
		};
		521EE80B2D3798BC00BEDA9C /* Source */ = {
			isa = PBXGroup;
			children = (
				521EE7F52D3798BC00BEDA9C /* Component */,
				521EE7F92D3798BC00BEDA9C /* Extensions */,
				521EE8082D3798BC00BEDA9C /* KitchenSinkPages */,
				521EE80A2D3798BC00BEDA9C /* ViewController */,
			);
			path = Source;
			sourceTree = "<group>";
		};
/* End PBXGroup section */

/* Begin PBXHeadersBuildPhase section */
		521EE7C72D37989B00BEDA9C /* Headers */ = {
			isa = PBXHeadersBuildPhase;
			buildActionMask = 2147483647;
			files = (
				521EE7DE2D37989B00BEDA9C /* OneAppiOSUIKit.h in Headers */,
			);
			runOnlyForDeploymentPostprocessing = 0;
		};
/* End PBXHeadersBuildPhase section */

/* Begin PBXNativeTarget section */
		521EE7932D37985800BEDA9C /* OneAppUIKit */ = {
			isa = PBXNativeTarget;
			buildConfigurationList = 521EE7BE2D37985900BEDA9C /* Build configuration list for PBXNativeTarget "OneAppUIKit" */;
			buildPhases = (
				592DC3C6D09879DDF539C9B3 /* [CP] Check Pods Manifest.lock */,
				521EE7902D37985800BEDA9C /* Sources */,
				521EE7912D37985800BEDA9C /* Frameworks */,
				521EE7922D37985800BEDA9C /* Resources */,
				521EE7E62D37989B00BEDA9C /* Embed Frameworks */,
				B730E277272E8264AB29E685 /* [CP] Embed Pods Frameworks */,
			);
			buildRules = (
			);
			dependencies = (
				521EE7E02D37989B00BEDA9C /* PBXTargetDependency */,
			);
			name = OneAppUIKit;
			productName = OneAppUIKit;
			productReference = 521EE7942D37985800BEDA9C /* OneAppUIKit.app */;
			productType = "com.apple.product-type.application";
		};
		521EE7A92D37985900BEDA9C /* OneAppUIKitTests */ = {
			isa = PBXNativeTarget;
			buildConfigurationList = 521EE7C12D37985900BEDA9C /* Build configuration list for PBXNativeTarget "OneAppUIKitTests" */;
			buildPhases = (
				3B7DCBE7AB8ECE60E1FB36BB /* [CP] Check Pods Manifest.lock */,
				521EE7A62D37985900BEDA9C /* Sources */,
				521EE7A72D37985900BEDA9C /* Frameworks */,
				521EE7A82D37985900BEDA9C /* Resources */,
			);
			buildRules = (
			);
			dependencies = (
				521EE7AC2D37985900BEDA9C /* PBXTargetDependency */,
			);
			name = OneAppUIKitTests;
			productName = OneAppUIKitTests;
			productReference = 521EE7AA2D37985900BEDA9C /* OneAppUIKitTests.xctest */;
			productType = "com.apple.product-type.bundle.unit-test";
		};
		521EE7B32D37985900BEDA9C /* OneAppUIKitUITests */ = {
			isa = PBXNativeTarget;
			buildConfigurationList = 521EE7C42D37985900BEDA9C /* Build configuration list for PBXNativeTarget "OneAppUIKitUITests" */;
			buildPhases = (
				E75B7E9C65FC1DBE9DC15B14 /* [CP] Check Pods Manifest.lock */,
				521EE7B02D37985900BEDA9C /* Sources */,
				521EE7B12D37985900BEDA9C /* Frameworks */,
				521EE7B22D37985900BEDA9C /* Resources */,
			);
			buildRules = (
			);
			dependencies = (
				521EE7B62D37985900BEDA9C /* PBXTargetDependency */,
			);
			name = OneAppUIKitUITests;
			productName = OneAppUIKitUITests;
			productReference = 521EE7B42D37985900BEDA9C /* OneAppUIKitUITests.xctest */;
			productType = "com.apple.product-type.bundle.ui-testing";
		};
		521EE7CB2D37989B00BEDA9C /* OneAppiOSUIKit */ = {
			isa = PBXNativeTarget;
			buildConfigurationList = 521EE7E32D37989B00BEDA9C /* Build configuration list for PBXNativeTarget "OneAppiOSUIKit" */;
			buildPhases = (
				C658082F376DAFEEABEF7938 /* [CP] Check Pods Manifest.lock */,
				521EE7C72D37989B00BEDA9C /* Headers */,
				521EE7C82D37989B00BEDA9C /* Sources */,
				521EE7C92D37989B00BEDA9C /* Frameworks */,
				521EE7CA2D37989B00BEDA9C /* Resources */,
			);
			buildRules = (
			);
			dependencies = (
			);
			name = OneAppiOSUIKit;
			productName = OneAppiOSUIKit;
			productReference = 521EE7CC2D37989B00BEDA9C /* OneAppiOSUIKit.framework */;
			productType = "com.apple.product-type.framework";
		};
		521EE7D42D37989B00BEDA9C /* OneAppiOSUIKitTests */ = {
			isa = PBXNativeTarget;
			buildConfigurationList = 521EE7E72D37989B00BEDA9C /* Build configuration list for PBXNativeTarget "OneAppiOSUIKitTests" */;
			buildPhases = (
				64845908BE70D90B45780C54 /* [CP] Check Pods Manifest.lock */,
				521EE7D12D37989B00BEDA9C /* Sources */,
				521EE7D22D37989B00BEDA9C /* Frameworks */,
				521EE7D32D37989B00BEDA9C /* Resources */,
				5A28A6DBB59A28862FFA995B /* [CP] Embed Pods Frameworks */,
			);
			buildRules = (
			);
			dependencies = (
				521EE7D82D37989B00BEDA9C /* PBXTargetDependency */,
				521EE7DA2D37989B00BEDA9C /* PBXTargetDependency */,
			);
			name = OneAppiOSUIKitTests;
			productName = OneAppiOSUIKitTests;
			productReference = 521EE7D52D37989B00BEDA9C /* OneAppiOSUIKitTests.xctest */;
			productType = "com.apple.product-type.bundle.unit-test";
		};
/* End PBXNativeTarget section */

/* Begin PBXProject section */
		521EE78C2D37985800BEDA9C /* Project object */ = {
			isa = PBXProject;
			attributes = {
				BuildIndependentTargetsInParallel = 1;
				LastSwiftUpdateCheck = 1540;
				LastUpgradeCheck = 1540;
				TargetAttributes = {
					521EE7932D37985800BEDA9C = {
						CreatedOnToolsVersion = 15.4;
					};
					521EE7A92D37985900BEDA9C = {
						CreatedOnToolsVersion = 15.4;
						TestTargetID = 521EE7932D37985800BEDA9C;
					};
					521EE7B32D37985900BEDA9C = {
						CreatedOnToolsVersion = 15.4;
						TestTargetID = 521EE7932D37985800BEDA9C;
					};
					521EE7CB2D37989B00BEDA9C = {
						CreatedOnToolsVersion = 15.4;
					};
					521EE7D42D37989B00BEDA9C = {
						CreatedOnToolsVersion = 15.4;
						TestTargetID = 521EE7932D37985800BEDA9C;
					};
				};
			};
			buildConfigurationList = 521EE78F2D37985800BEDA9C /* Build configuration list for PBXProject "OneAppUIKit" */;
			compatibilityVersion = "Xcode 14.0";
			developmentRegion = en;
			hasScannedForEncodings = 0;
			knownRegions = (
				en,
				Base,
			);
			mainGroup = 521EE78B2D37985800BEDA9C;
			productRefGroup = 521EE7952D37985800BEDA9C /* Products */;
			projectDirPath = "";
			projectRoot = "";
			targets = (
				521EE7932D37985800BEDA9C /* OneAppUIKit */,
				521EE7A92D37985900BEDA9C /* OneAppUIKitTests */,
				521EE7B32D37985900BEDA9C /* OneAppUIKitUITests */,
				521EE7CB2D37989B00BEDA9C /* OneAppiOSUIKit */,
				521EE7D42D37989B00BEDA9C /* OneAppiOSUIKitTests */,
			);
		};
/* End PBXProject section */

/* Begin PBXResourcesBuildPhase section */
		521EE7922D37985800BEDA9C /* Resources */ = {
			isa = PBXResourcesBuildPhase;
			buildActionMask = 2147483647;
			files = (
				521EE7A12D37985900BEDA9C /* Assets.xcassets in Resources */,
				521EE8172D3798BC00BEDA9C /* KcsUIKitFlowViewController.xib in Resources */,
				521EE7A42D37985900BEDA9C /* Base in Resources */,
				521EE81D2D3798BC00BEDA9C /* KcsWaitingScreenViewController.xib in Resources */,
				521EE81F2D3798BC00BEDA9C /* KitchenSinkNavigationView.xib in Resources */,
				521EE79F2D37985800BEDA9C /* Base in Resources */,
				521EE81B2D3798BC00BEDA9C /* KcsWaitingScreenEntryPointViewController.xib in Resources */,
				521EE8192D3798BC00BEDA9C /* KcsLandingViewController.xib in Resources */,
			);
			runOnlyForDeploymentPostprocessing = 0;
		};
		521EE7A82D37985900BEDA9C /* Resources */ = {
			isa = PBXResourcesBuildPhase;
			buildActionMask = 2147483647;
			files = (
			);
			runOnlyForDeploymentPostprocessing = 0;
		};
		521EE7B22D37985900BEDA9C /* Resources */ = {
			isa = PBXResourcesBuildPhase;
			buildActionMask = 2147483647;
			files = (
			);
			runOnlyForDeploymentPostprocessing = 0;
		};
		521EE7CA2D37989B00BEDA9C /* Resources */ = {
			isa = PBXResourcesBuildPhase;
			buildActionMask = 2147483647;
			files = (
			);
			runOnlyForDeploymentPostprocessing = 0;
		};
		521EE7D32D37989B00BEDA9C /* Resources */ = {
			isa = PBXResourcesBuildPhase;
			buildActionMask = 2147483647;
			files = (
			);
			runOnlyForDeploymentPostprocessing = 0;
		};
/* End PBXResourcesBuildPhase section */

/* Begin PBXShellScriptBuildPhase section */
		3B7DCBE7AB8ECE60E1FB36BB /* [CP] Check Pods Manifest.lock */ = {
			isa = PBXShellScriptBuildPhase;
			buildActionMask = 2147483647;
			files = (
			);
			inputFileListPaths = (
			);
			inputPaths = (
				"${PODS_PODFILE_DIR_PATH}/Podfile.lock",
				"${PODS_ROOT}/Manifest.lock",
			);
			name = "[CP] Check Pods Manifest.lock";
			outputFileListPaths = (
			);
			outputPaths = (
				"$(DERIVED_FILE_DIR)/Pods-OneAppUIKitTests-checkManifestLockResult.txt",
			);
			runOnlyForDeploymentPostprocessing = 0;
			shellPath = /bin/sh;
			shellScript = "diff \"${PODS_PODFILE_DIR_PATH}/Podfile.lock\" \"${PODS_ROOT}/Manifest.lock\" > /dev/null\nif [ $? != 0 ] ; then\n    # print error to STDERR\n    echo \"error: The sandbox is not in sync with the Podfile.lock. Run 'pod install' or update your CocoaPods installation.\" >&2\n    exit 1\nfi\n# This output is used by Xcode 'outputs' to avoid re-running this script phase.\necho \"SUCCESS\" > \"${SCRIPT_OUTPUT_FILE_0}\"\n";
			showEnvVarsInLog = 0;
		};
		592DC3C6D09879DDF539C9B3 /* [CP] Check Pods Manifest.lock */ = {
			isa = PBXShellScriptBuildPhase;
			buildActionMask = 2147483647;
			files = (
			);
			inputFileListPaths = (
			);
			inputPaths = (
				"${PODS_PODFILE_DIR_PATH}/Podfile.lock",
				"${PODS_ROOT}/Manifest.lock",
			);
			name = "[CP] Check Pods Manifest.lock";
			outputFileListPaths = (
			);
			outputPaths = (
				"$(DERIVED_FILE_DIR)/Pods-OneAppUIKit-checkManifestLockResult.txt",
			);
			runOnlyForDeploymentPostprocessing = 0;
			shellPath = /bin/sh;
			shellScript = "diff \"${PODS_PODFILE_DIR_PATH}/Podfile.lock\" \"${PODS_ROOT}/Manifest.lock\" > /dev/null\nif [ $? != 0 ] ; then\n    # print error to STDERR\n    echo \"error: The sandbox is not in sync with the Podfile.lock. Run 'pod install' or update your CocoaPods installation.\" >&2\n    exit 1\nfi\n# This output is used by Xcode 'outputs' to avoid re-running this script phase.\necho \"SUCCESS\" > \"${SCRIPT_OUTPUT_FILE_0}\"\n";
			showEnvVarsInLog = 0;
		};
		5A28A6DBB59A28862FFA995B /* [CP] Embed Pods Frameworks */ = {
			isa = PBXShellScriptBuildPhase;
			buildActionMask = 2147483647;
			files = (
			);
			inputFileListPaths = (
			);
			name = "[CP] Embed Pods Frameworks";
			outputFileListPaths = (
			);
			runOnlyForDeploymentPostprocessing = 0;
			shellPath = /bin/sh;
			shellScript = "\"${PODS_ROOT}/Target Support Files/Pods-OneAppiOSUIKit-OneAppiOSUIKitTests/Pods-OneAppiOSUIKit-OneAppiOSUIKitTests-frameworks.sh\"\n";
			showEnvVarsInLog = 0;
		};
		64845908BE70D90B45780C54 /* [CP] Check Pods Manifest.lock */ = {
			isa = PBXShellScriptBuildPhase;
			buildActionMask = 2147483647;
			files = (
			);
			inputFileListPaths = (
			);
			inputPaths = (
				"${PODS_PODFILE_DIR_PATH}/Podfile.lock",
				"${PODS_ROOT}/Manifest.lock",
			);
			name = "[CP] Check Pods Manifest.lock";
			outputFileListPaths = (
			);
			outputPaths = (
				"$(DERIVED_FILE_DIR)/Pods-OneAppiOSUIKit-OneAppiOSUIKitTests-checkManifestLockResult.txt",
			);
			runOnlyForDeploymentPostprocessing = 0;
			shellPath = /bin/sh;
			shellScript = "diff \"${PODS_PODFILE_DIR_PATH}/Podfile.lock\" \"${PODS_ROOT}/Manifest.lock\" > /dev/null\nif [ $? != 0 ] ; then\n    # print error to STDERR\n    echo \"error: The sandbox is not in sync with the Podfile.lock. Run 'pod install' or update your CocoaPods installation.\" >&2\n    exit 1\nfi\n# This output is used by Xcode 'outputs' to avoid re-running this script phase.\necho \"SUCCESS\" > \"${SCRIPT_OUTPUT_FILE_0}\"\n";
			showEnvVarsInLog = 0;
		};
		B730E277272E8264AB29E685 /* [CP] Embed Pods Frameworks */ = {
			isa = PBXShellScriptBuildPhase;
			buildActionMask = 2147483647;
			files = (
			);
			inputFileListPaths = (
			);
			name = "[CP] Embed Pods Frameworks";
			outputFileListPaths = (
			);
			runOnlyForDeploymentPostprocessing = 0;
			shellPath = /bin/sh;
			shellScript = "\"${PODS_ROOT}/Target Support Files/Pods-OneAppUIKit/Pods-OneAppUIKit-frameworks.sh\"\n";
			showEnvVarsInLog = 0;
		};
		C658082F376DAFEEABEF7938 /* [CP] Check Pods Manifest.lock */ = {
			isa = PBXShellScriptBuildPhase;
			buildActionMask = 2147483647;
			files = (
			);
			inputFileListPaths = (
			);
			inputPaths = (
				"${PODS_PODFILE_DIR_PATH}/Podfile.lock",
				"${PODS_ROOT}/Manifest.lock",
			);
			name = "[CP] Check Pods Manifest.lock";
			outputFileListPaths = (
			);
			outputPaths = (
				"$(DERIVED_FILE_DIR)/Pods-OneAppiOSUIKit-checkManifestLockResult.txt",
			);
			runOnlyForDeploymentPostprocessing = 0;
			shellPath = /bin/sh;
			shellScript = "diff \"${PODS_PODFILE_DIR_PATH}/Podfile.lock\" \"${PODS_ROOT}/Manifest.lock\" > /dev/null\nif [ $? != 0 ] ; then\n    # print error to STDERR\n    echo \"error: The sandbox is not in sync with the Podfile.lock. Run 'pod install' or update your CocoaPods installation.\" >&2\n    exit 1\nfi\n# This output is used by Xcode 'outputs' to avoid re-running this script phase.\necho \"SUCCESS\" > \"${SCRIPT_OUTPUT_FILE_0}\"\n";
			showEnvVarsInLog = 0;
		};
		E75B7E9C65FC1DBE9DC15B14 /* [CP] Check Pods Manifest.lock */ = {
			isa = PBXShellScriptBuildPhase;
			buildActionMask = 2147483647;
			files = (
			);
			inputFileListPaths = (
			);
			inputPaths = (
				"${PODS_PODFILE_DIR_PATH}/Podfile.lock",
				"${PODS_ROOT}/Manifest.lock",
			);
			name = "[CP] Check Pods Manifest.lock";
			outputFileListPaths = (
			);
			outputPaths = (
				"$(DERIVED_FILE_DIR)/Pods-OneAppUIKit-OneAppUIKitUITests-checkManifestLockResult.txt",
			);
			runOnlyForDeploymentPostprocessing = 0;
			shellPath = /bin/sh;
			shellScript = "diff \"${PODS_PODFILE_DIR_PATH}/Podfile.lock\" \"${PODS_ROOT}/Manifest.lock\" > /dev/null\nif [ $? != 0 ] ; then\n    # print error to STDERR\n    echo \"error: The sandbox is not in sync with the Podfile.lock. Run 'pod install' or update your CocoaPods installation.\" >&2\n    exit 1\nfi\n# This output is used by Xcode 'outputs' to avoid re-running this script phase.\necho \"SUCCESS\" > \"${SCRIPT_OUTPUT_FILE_0}\"\n";
			showEnvVarsInLog = 0;
		};
/* End PBXShellScriptBuildPhase section */

/* Begin PBXSourcesBuildPhase section */
		521EE7902D37985800BEDA9C /* Sources */ = {
			isa = PBXSourcesBuildPhase;
			buildActionMask = 2147483647;
			files = (
				521EE80D2D3798BC00BEDA9C /* DSWaitingScreenAccessibility.swift in Sources */,
				521EE8142D3798BC00BEDA9C /* UIStackViewExtension.swift in Sources */,
				521EE80F2D3798BC00BEDA9C /* DSWaitingScreenInterface.swift in Sources */,
				521EE8122D3798BC00BEDA9C /* DSWaitingScreen.swift in Sources */,
				521EE8182D3798BC00BEDA9C /* KcsLandingViewController.swift in Sources */,
				521EE80E2D3798BC00BEDA9C /* DSWaitingScreenDelegate.swift in Sources */,
				521EE81C2D3798BC00BEDA9C /* KcsWaitingScreenViewController.swift in Sources */,
				521EE7982D37985800BEDA9C /* AppDelegate.swift in Sources */,
				521EE81A2D3798BC00BEDA9C /* KcsWaitingScreenEntryPointViewController.swift in Sources */,
				521EE81E2D3798BC00BEDA9C /* KitchenSinkNavigationView.swift in Sources */,
				521EE8132D3798BC00BEDA9C /* UIImageViewExtension.swift in Sources */,
				521EE8202D3798BC00BEDA9C /* UIKitViewController.swift in Sources */,
				521EE79A2D37985800BEDA9C /* SceneDelegate.swift in Sources */,
				521EE8152D3798BC00BEDA9C /* UIViewExtension.swift in Sources */,
				521EE80C2D3798BC00BEDA9C /* DSWaitingScreenViewController.swift in Sources */,
				521EE8112D3798BC00BEDA9C /* WaitingScreenMediaView.swift in Sources */,
				521EE8162D3798BC00BEDA9C /* KcsUIKitFlowViewController.swift in Sources */,
				521EE8102D3798BC00BEDA9C /* DSWaitingScreenViewModel.swift in Sources */,
			);
			runOnlyForDeploymentPostprocessing = 0;
		};
		521EE7A62D37985900BEDA9C /* Sources */ = {
			isa = PBXSourcesBuildPhase;
			buildActionMask = 2147483647;
			files = (
				521EE7AF2D37985900BEDA9C /* OneAppUIKitTests.swift in Sources */,
			);
			runOnlyForDeploymentPostprocessing = 0;
		};
		521EE7B02D37985900BEDA9C /* Sources */ = {
			isa = PBXSourcesBuildPhase;
			buildActionMask = 2147483647;
			files = (
				521EE7BB2D37985900BEDA9C /* OneAppUIKitUITestsLaunchTests.swift in Sources */,
				521EE7B92D37985900BEDA9C /* OneAppUIKitUITests.swift in Sources */,
			);
			runOnlyForDeploymentPostprocessing = 0;
		};
		521EE7C82D37989B00BEDA9C /* Sources */ = {
			isa = PBXSourcesBuildPhase;
			buildActionMask = 2147483647;
			files = (
				521EE7D02D37989B00BEDA9C /* OneAppiOSUIKit.docc in Sources */,
			);
			runOnlyForDeploymentPostprocessing = 0;
		};
		521EE7D12D37989B00BEDA9C /* Sources */ = {
			isa = PBXSourcesBuildPhase;
			buildActionMask = 2147483647;
			files = (
				521EE7DD2D37989B00BEDA9C /* OneAppiOSUIKitTests.swift in Sources */,
			);
			runOnlyForDeploymentPostprocessing = 0;
		};
/* End PBXSourcesBuildPhase section */

/* Begin PBXTargetDependency section */
		521EE7AC2D37985900BEDA9C /* PBXTargetDependency */ = {
			isa = PBXTargetDependency;
			target = 521EE7932D37985800BEDA9C /* OneAppUIKit */;
			targetProxy = 521EE7AB2D37985900BEDA9C /* PBXContainerItemProxy */;
		};
		521EE7B62D37985900BEDA9C /* PBXTargetDependency */ = {
			isa = PBXTargetDependency;
			target = 521EE7932D37985800BEDA9C /* OneAppUIKit */;
			targetProxy = 521EE7B52D37985900BEDA9C /* PBXContainerItemProxy */;
		};
		521EE7D82D37989B00BEDA9C /* PBXTargetDependency */ = {
			isa = PBXTargetDependency;
			target = 521EE7CB2D37989B00BEDA9C /* OneAppiOSUIKit */;
			targetProxy = 521EE7D72D37989B00BEDA9C /* PBXContainerItemProxy */;
		};
		521EE7DA2D37989B00BEDA9C /* PBXTargetDependency */ = {
			isa = PBXTargetDependency;
			target = 521EE7932D37985800BEDA9C /* OneAppUIKit */;
			targetProxy = 521EE7D92D37989B00BEDA9C /* PBXContainerItemProxy */;
		};
		521EE7E02D37989B00BEDA9C /* PBXTargetDependency */ = {
			isa = PBXTargetDependency;
			target = 521EE7CB2D37989B00BEDA9C /* OneAppiOSUIKit */;
			targetProxy = 521EE7DF2D37989B00BEDA9C /* PBXContainerItemProxy */;
		};
/* End PBXTargetDependency section */

/* Begin PBXVariantGroup section */
		521EE79D2D37985800BEDA9C /* Main.storyboard */ = {
			isa = PBXVariantGroup;
			children = (
				521EE79E2D37985800BEDA9C /* Base */,
			);
			name = Main.storyboard;
			sourceTree = "<group>";
		};
		521EE7A22D37985900BEDA9C /* LaunchScreen.storyboard */ = {
			isa = PBXVariantGroup;
			children = (
				521EE7A32D37985900BEDA9C /* Base */,
			);
			name = LaunchScreen.storyboard;
			sourceTree = "<group>";
		};
/* End PBXVariantGroup section */

/* Begin XCBuildConfiguration section */
		521EE7BC2D37985900BEDA9C /* Debug */ = {
			isa = XCBuildConfiguration;
			buildSettings = {
				ALWAYS_SEARCH_USER_PATHS = NO;
				ASSETCATALOG_COMPILER_GENERATE_SWIFT_ASSET_SYMBOL_EXTENSIONS = YES;
				CLANG_ANALYZER_NONNULL = YES;
				CLANG_ANALYZER_NUMBER_OBJECT_CONVERSION = YES_AGGRESSIVE;
				CLANG_CXX_LANGUAGE_STANDARD = "gnu++20";
				CLANG_ENABLE_MODULES = YES;
				CLANG_ENABLE_OBJC_ARC = YES;
				CLANG_ENABLE_OBJC_WEAK = YES;
				CLANG_WARN_BLOCK_CAPTURE_AUTORELEASING = YES;
				CLANG_WARN_BOOL_CONVERSION = YES;
				CLANG_WARN_COMMA = YES;
				CLANG_WARN_CONSTANT_CONVERSION = YES;
				CLANG_WARN_DEPRECATED_OBJC_IMPLEMENTATIONS = YES;
				CLANG_WARN_DIRECT_OBJC_ISA_USAGE = YES_ERROR;
				CLANG_WARN_DOCUMENTATION_COMMENTS = YES;
				CLANG_WARN_EMPTY_BODY = YES;
				CLANG_WARN_ENUM_CONVERSION = YES;
				CLANG_WARN_INFINITE_RECURSION = YES;
				CLANG_WARN_INT_CONVERSION = YES;
				CLANG_WARN_NON_LITERAL_NULL_CONVERSION = YES;
				CLANG_WARN_OBJC_IMPLICIT_RETAIN_SELF = YES;
				CLANG_WARN_OBJC_LITERAL_CONVERSION = YES;
				CLANG_WARN_OBJC_ROOT_CLASS = YES_ERROR;
				CLANG_WARN_QUOTED_INCLUDE_IN_FRAMEWORK_HEADER = YES;
				CLANG_WARN_RANGE_LOOP_ANALYSIS = YES;
				CLANG_WARN_STRICT_PROTOTYPES = YES;
				CLANG_WARN_SUSPICIOUS_MOVE = YES;
				CLANG_WARN_UNGUARDED_AVAILABILITY = YES_AGGRESSIVE;
				CLANG_WARN_UNREACHABLE_CODE = YES;
				CLANG_WARN__DUPLICATE_METHOD_MATCH = YES;
				COPY_PHASE_STRIP = NO;
				DEBUG_INFORMATION_FORMAT = dwarf;
				ENABLE_STRICT_OBJC_MSGSEND = YES;
				ENABLE_TESTABILITY = YES;
				ENABLE_USER_SCRIPT_SANDBOXING = YES;
				GCC_C_LANGUAGE_STANDARD = gnu17;
				GCC_DYNAMIC_NO_PIC = NO;
				GCC_NO_COMMON_BLOCKS = YES;
				GCC_OPTIMIZATION_LEVEL = 0;
				GCC_PREPROCESSOR_DEFINITIONS = (
					"DEBUG=1",
					"$(inherited)",
				);
				GCC_WARN_64_TO_32_BIT_CONVERSION = YES;
				GCC_WARN_ABOUT_RETURN_TYPE = YES_ERROR;
				GCC_WARN_UNDECLARED_SELECTOR = YES;
				GCC_WARN_UNINITIALIZED_AUTOS = YES_AGGRESSIVE;
				GCC_WARN_UNUSED_FUNCTION = YES;
				GCC_WARN_UNUSED_VARIABLE = YES;
				IPHONEOS_DEPLOYMENT_TARGET = 17.5;
				LOCALIZATION_PREFERS_STRING_CATALOGS = YES;
				MTL_ENABLE_DEBUG_INFO = INCLUDE_SOURCE;
				MTL_FAST_MATH = YES;
				ONLY_ACTIVE_ARCH = YES;
				SDKROOT = iphoneos;
				SWIFT_ACTIVE_COMPILATION_CONDITIONS = "DEBUG $(inherited)";
				SWIFT_OPTIMIZATION_LEVEL = "-Onone";
			};
			name = Debug;
		};
		521EE7BD2D37985900BEDA9C /* Release */ = {
			isa = XCBuildConfiguration;
			buildSettings = {
				ALWAYS_SEARCH_USER_PATHS = NO;
				ASSETCATALOG_COMPILER_GENERATE_SWIFT_ASSET_SYMBOL_EXTENSIONS = YES;
				CLANG_ANALYZER_NONNULL = YES;
				CLANG_ANALYZER_NUMBER_OBJECT_CONVERSION = YES_AGGRESSIVE;
				CLANG_CXX_LANGUAGE_STANDARD = "gnu++20";
				CLANG_ENABLE_MODULES = YES;
				CLANG_ENABLE_OBJC_ARC = YES;
				CLANG_ENABLE_OBJC_WEAK = YES;
				CLANG_WARN_BLOCK_CAPTURE_AUTORELEASING = YES;
				CLANG_WARN_BOOL_CONVERSION = YES;
				CLANG_WARN_COMMA = YES;
				CLANG_WARN_CONSTANT_CONVERSION = YES;
				CLANG_WARN_DEPRECATED_OBJC_IMPLEMENTATIONS = YES;
				CLANG_WARN_DIRECT_OBJC_ISA_USAGE = YES_ERROR;
				CLANG_WARN_DOCUMENTATION_COMMENTS = YES;
				CLANG_WARN_EMPTY_BODY = YES;
				CLANG_WARN_ENUM_CONVERSION = YES;
				CLANG_WARN_INFINITE_RECURSION = YES;
				CLANG_WARN_INT_CONVERSION = YES;
				CLANG_WARN_NON_LITERAL_NULL_CONVERSION = YES;
				CLANG_WARN_OBJC_IMPLICIT_RETAIN_SELF = YES;
				CLANG_WARN_OBJC_LITERAL_CONVERSION = YES;
				CLANG_WARN_OBJC_ROOT_CLASS = YES_ERROR;
				CLANG_WARN_QUOTED_INCLUDE_IN_FRAMEWORK_HEADER = YES;
				CLANG_WARN_RANGE_LOOP_ANALYSIS = YES;
				CLANG_WARN_STRICT_PROTOTYPES = YES;
				CLANG_WARN_SUSPICIOUS_MOVE = YES;
				CLANG_WARN_UNGUARDED_AVAILABILITY = YES_AGGRESSIVE;
				CLANG_WARN_UNREACHABLE_CODE = YES;
				CLANG_WARN__DUPLICATE_METHOD_MATCH = YES;
				COPY_PHASE_STRIP = NO;
				DEBUG_INFORMATION_FORMAT = "dwarf-with-dsym";
				ENABLE_NS_ASSERTIONS = NO;
				ENABLE_STRICT_OBJC_MSGSEND = YES;
				ENABLE_USER_SCRIPT_SANDBOXING = YES;
				GCC_C_LANGUAGE_STANDARD = gnu17;
				GCC_NO_COMMON_BLOCKS = YES;
				GCC_WARN_64_TO_32_BIT_CONVERSION = YES;
				GCC_WARN_ABOUT_RETURN_TYPE = YES_ERROR;
				GCC_WARN_UNDECLARED_SELECTOR = YES;
				GCC_WARN_UNINITIALIZED_AUTOS = YES_AGGRESSIVE;
				GCC_WARN_UNUSED_FUNCTION = YES;
				GCC_WARN_UNUSED_VARIABLE = YES;
				IPHONEOS_DEPLOYMENT_TARGET = 17.5;
				LOCALIZATION_PREFERS_STRING_CATALOGS = YES;
				MTL_ENABLE_DEBUG_INFO = NO;
				MTL_FAST_MATH = YES;
				SDKROOT = iphoneos;
				SWIFT_COMPILATION_MODE = wholemodule;
				VALIDATE_PRODUCT = YES;
			};
			name = Release;
		};
		521EE7BF2D37985900BEDA9C /* Debug */ = {
			isa = XCBuildConfiguration;
			baseConfigurationReference = 5140941CFC9D139B867D39AA /* Pods-OneAppUIKit.debug.xcconfig */;
			buildSettings = {
				ASSETCATALOG_COMPILER_APPICON_NAME = AppIcon;
				ASSETCATALOG_COMPILER_GLOBAL_ACCENT_COLOR_NAME = AccentColor;
				CODE_SIGN_STYLE = Automatic;
				CURRENT_PROJECT_VERSION = 1;
				DEVELOPMENT_TEAM = ZDU63GUB32;
				ENABLE_USER_SCRIPT_SANDBOXING = NO;
				GENERATE_INFOPLIST_FILE = YES;
				INFOPLIST_FILE = OneAppUIKit/Info.plist;
				INFOPLIST_KEY_UIApplicationSupportsIndirectInputEvents = YES;
				INFOPLIST_KEY_UILaunchStoryboardName = LaunchScreen;
				INFOPLIST_KEY_UIMainStoryboardFile = Main;
				INFOPLIST_KEY_UISupportedInterfaceOrientations_iPad = "UIInterfaceOrientationPortrait UIInterfaceOrientationPortraitUpsideDown UIInterfaceOrientationLandscapeLeft UIInterfaceOrientationLandscapeRight";
				INFOPLIST_KEY_UISupportedInterfaceOrientations_iPhone = "UIInterfaceOrientationPortrait UIInterfaceOrientationLandscapeLeft UIInterfaceOrientationLandscapeRight";
				LD_RUNPATH_SEARCH_PATHS = (
					"$(inherited)",
					"@executable_path/Frameworks",
				);
				MARKETING_VERSION = 1.0;
				PRODUCT_BUNDLE_IDENTIFIER = "oneapp-designsystem-ios-UIKit.OneAppUIKit";
				PRODUCT_NAME = "$(TARGET_NAME)";
				SWIFT_EMIT_LOC_STRINGS = YES;
				SWIFT_VERSION = 5.0;
				TARGETED_DEVICE_FAMILY = "1,2";
			};
			name = Debug;
		};
		521EE7C02D37985900BEDA9C /* Release */ = {
			isa = XCBuildConfiguration;
			baseConfigurationReference = 6DDFE835147B6B06A3BFD0CA /* Pods-OneAppUIKit.release.xcconfig */;
			buildSettings = {
				ASSETCATALOG_COMPILER_APPICON_NAME = AppIcon;
				ASSETCATALOG_COMPILER_GLOBAL_ACCENT_COLOR_NAME = AccentColor;
				CODE_SIGN_STYLE = Automatic;
				CURRENT_PROJECT_VERSION = 1;
				DEVELOPMENT_TEAM = ZDU63GUB32;
				ENABLE_USER_SCRIPT_SANDBOXING = NO;
				GENERATE_INFOPLIST_FILE = YES;
				INFOPLIST_FILE = OneAppUIKit/Info.plist;
				INFOPLIST_KEY_UIApplicationSupportsIndirectInputEvents = YES;
				INFOPLIST_KEY_UILaunchStoryboardName = LaunchScreen;
				INFOPLIST_KEY_UIMainStoryboardFile = Main;
				INFOPLIST_KEY_UISupportedInterfaceOrientations_iPad = "UIInterfaceOrientationPortrait UIInterfaceOrientationPortraitUpsideDown UIInterfaceOrientationLandscapeLeft UIInterfaceOrientationLandscapeRight";
				INFOPLIST_KEY_UISupportedInterfaceOrientations_iPhone = "UIInterfaceOrientationPortrait UIInterfaceOrientationLandscapeLeft UIInterfaceOrientationLandscapeRight";
				LD_RUNPATH_SEARCH_PATHS = (
					"$(inherited)",
					"@executable_path/Frameworks",
				);
				MARKETING_VERSION = 1.0;
				PRODUCT_BUNDLE_IDENTIFIER = "oneapp-designsystem-ios-UIKit.OneAppUIKit";
				PRODUCT_NAME = "$(TARGET_NAME)";
				SWIFT_EMIT_LOC_STRINGS = YES;
				SWIFT_VERSION = 5.0;
				TARGETED_DEVICE_FAMILY = "1,2";
			};
			name = Release;
		};
		521EE7C22D37985900BEDA9C /* Debug */ = {
			isa = XCBuildConfiguration;
			baseConfigurationReference = 5291ED21B1EA91193DC82204 /* Pods-OneAppUIKitTests.debug.xcconfig */;
			buildSettings = {
				ALWAYS_EMBED_SWIFT_STANDARD_LIBRARIES = YES;
				BUNDLE_LOADER = "$(TEST_HOST)";
				CODE_SIGN_STYLE = Automatic;
				CURRENT_PROJECT_VERSION = 1;
				DEVELOPMENT_TEAM = ZDU63GUB32;
				GENERATE_INFOPLIST_FILE = YES;
				IPHONEOS_DEPLOYMENT_TARGET = 17.5;
				MARKETING_VERSION = 1.0;
				PRODUCT_BUNDLE_IDENTIFIER = "oneapp-designsystem-ios-UIKit.OneAppUIKitTests";
				PRODUCT_NAME = "$(TARGET_NAME)";
				SWIFT_EMIT_LOC_STRINGS = NO;
				SWIFT_VERSION = 5.0;
				TARGETED_DEVICE_FAMILY = "1,2";
				TEST_HOST = "$(BUILT_PRODUCTS_DIR)/OneAppUIKit.app/$(BUNDLE_EXECUTABLE_FOLDER_PATH)/OneAppUIKit";
			};
			name = Debug;
		};
		521EE7C32D37985900BEDA9C /* Release */ = {
			isa = XCBuildConfiguration;
			baseConfigurationReference = 48BBEDFF5A036463083F31F0 /* Pods-OneAppUIKitTests.release.xcconfig */;
			buildSettings = {
				ALWAYS_EMBED_SWIFT_STANDARD_LIBRARIES = YES;
				BUNDLE_LOADER = "$(TEST_HOST)";
				CODE_SIGN_STYLE = Automatic;
				CURRENT_PROJECT_VERSION = 1;
				DEVELOPMENT_TEAM = ZDU63GUB32;
				GENERATE_INFOPLIST_FILE = YES;
				IPHONEOS_DEPLOYMENT_TARGET = 17.5;
				MARKETING_VERSION = 1.0;
				PRODUCT_BUNDLE_IDENTIFIER = "oneapp-designsystem-ios-UIKit.OneAppUIKitTests";
				PRODUCT_NAME = "$(TARGET_NAME)";
				SWIFT_EMIT_LOC_STRINGS = NO;
				SWIFT_VERSION = 5.0;
				TARGETED_DEVICE_FAMILY = "1,2";
				TEST_HOST = "$(BUILT_PRODUCTS_DIR)/OneAppUIKit.app/$(BUNDLE_EXECUTABLE_FOLDER_PATH)/OneAppUIKit";
			};
			name = Release;
		};
		521EE7C52D37985900BEDA9C /* Debug */ = {
			isa = XCBuildConfiguration;
			baseConfigurationReference = 634933537BADC544A5B114DC /* Pods-OneAppUIKit-OneAppUIKitUITests.debug.xcconfig */;
			buildSettings = {
				ALWAYS_EMBED_SWIFT_STANDARD_LIBRARIES = YES;
				CODE_SIGN_STYLE = Automatic;
				CURRENT_PROJECT_VERSION = 1;
				DEVELOPMENT_TEAM = ZDU63GUB32;
				GENERATE_INFOPLIST_FILE = YES;
				MARKETING_VERSION = 1.0;
				PRODUCT_BUNDLE_IDENTIFIER = "oneapp-designsystem-ios-UIKit.OneAppUIKitUITests";
				PRODUCT_NAME = "$(TARGET_NAME)";
				SWIFT_EMIT_LOC_STRINGS = NO;
				SWIFT_VERSION = 5.0;
				TARGETED_DEVICE_FAMILY = "1,2";
				TEST_TARGET_NAME = OneAppUIKit;
			};
			name = Debug;
		};
		521EE7C62D37985900BEDA9C /* Release */ = {
			isa = XCBuildConfiguration;
			baseConfigurationReference = E6D8E4494D2658E3221A75D7 /* Pods-OneAppUIKit-OneAppUIKitUITests.release.xcconfig */;
			buildSettings = {
				ALWAYS_EMBED_SWIFT_STANDARD_LIBRARIES = YES;
				CODE_SIGN_STYLE = Automatic;
				CURRENT_PROJECT_VERSION = 1;
				DEVELOPMENT_TEAM = ZDU63GUB32;
				GENERATE_INFOPLIST_FILE = YES;
				MARKETING_VERSION = 1.0;
				PRODUCT_BUNDLE_IDENTIFIER = "oneapp-designsystem-ios-UIKit.OneAppUIKitUITests";
				PRODUCT_NAME = "$(TARGET_NAME)";
				SWIFT_EMIT_LOC_STRINGS = NO;
				SWIFT_VERSION = 5.0;
				TARGETED_DEVICE_FAMILY = "1,2";
				TEST_TARGET_NAME = OneAppUIKit;
			};
			name = Release;
		};
		521EE7E42D37989B00BEDA9C /* Debug */ = {
			isa = XCBuildConfiguration;
			baseConfigurationReference = B0E9113E74DD2F391EE58A4A /* Pods-OneAppiOSUIKit.debug.xcconfig */;
			buildSettings = {
				BUILD_LIBRARY_FOR_DISTRIBUTION = YES;
				CODE_SIGN_STYLE = Automatic;
				CURRENT_PROJECT_VERSION = 1;
				DEFINES_MODULE = YES;
				DEVELOPMENT_TEAM = ZDU63GUB32;
				DYLIB_COMPATIBILITY_VERSION = 1;
				DYLIB_CURRENT_VERSION = 1;
				DYLIB_INSTALL_NAME_BASE = "@rpath";
				ENABLE_MODULE_VERIFIER = YES;
				GENERATE_INFOPLIST_FILE = YES;
				INFOPLIST_KEY_NSHumanReadableCopyright = "";
				INSTALL_PATH = "$(LOCAL_LIBRARY_DIR)/Frameworks";
				LD_RUNPATH_SEARCH_PATHS = (
					"$(inherited)",
					"@executable_path/Frameworks",
					"@loader_path/Frameworks",
				);
				MARKETING_VERSION = 1.0;
				MODULE_VERIFIER_SUPPORTED_LANGUAGES = "objective-c objective-c++";
				MODULE_VERIFIER_SUPPORTED_LANGUAGE_STANDARDS = "gnu17 gnu++20";
				PRODUCT_BUNDLE_IDENTIFIER = "oneapp-designsystem-ios-UIKit.OneAppiOSUIKit";
				PRODUCT_NAME = "$(TARGET_NAME:c99extidentifier)";
				SKIP_INSTALL = YES;
				SWIFT_EMIT_LOC_STRINGS = YES;
				SWIFT_INSTALL_OBJC_HEADER = NO;
				SWIFT_VERSION = 5.0;
				TARGETED_DEVICE_FAMILY = "1,2";
				VERSIONING_SYSTEM = "apple-generic";
				VERSION_INFO_PREFIX = "";
			};
			name = Debug;
		};
		521EE7E52D37989B00BEDA9C /* Release */ = {
			isa = XCBuildConfiguration;
			baseConfigurationReference = 59E2CCBB9F3E7BA7BA70F3CD /* Pods-OneAppiOSUIKit.release.xcconfig */;
			buildSettings = {
				BUILD_LIBRARY_FOR_DISTRIBUTION = YES;
				CODE_SIGN_STYLE = Automatic;
				CURRENT_PROJECT_VERSION = 1;
				DEFINES_MODULE = YES;
				DEVELOPMENT_TEAM = ZDU63GUB32;
				DYLIB_COMPATIBILITY_VERSION = 1;
				DYLIB_CURRENT_VERSION = 1;
				DYLIB_INSTALL_NAME_BASE = "@rpath";
				ENABLE_MODULE_VERIFIER = YES;
				GENERATE_INFOPLIST_FILE = YES;
				INFOPLIST_KEY_NSHumanReadableCopyright = "";
				INSTALL_PATH = "$(LOCAL_LIBRARY_DIR)/Frameworks";
				LD_RUNPATH_SEARCH_PATHS = (
					"$(inherited)",
					"@executable_path/Frameworks",
					"@loader_path/Frameworks",
				);
				MARKETING_VERSION = 1.0;
				MODULE_VERIFIER_SUPPORTED_LANGUAGES = "objective-c objective-c++";
				MODULE_VERIFIER_SUPPORTED_LANGUAGE_STANDARDS = "gnu17 gnu++20";
				PRODUCT_BUNDLE_IDENTIFIER = "oneapp-designsystem-ios-UIKit.OneAppiOSUIKit";
				PRODUCT_NAME = "$(TARGET_NAME:c99extidentifier)";
				SKIP_INSTALL = YES;
				SWIFT_EMIT_LOC_STRINGS = YES;
				SWIFT_INSTALL_OBJC_HEADER = NO;
				SWIFT_VERSION = 5.0;
				TARGETED_DEVICE_FAMILY = "1,2";
				VERSIONING_SYSTEM = "apple-generic";
				VERSION_INFO_PREFIX = "";
			};
			name = Release;
		};
		521EE7E82D37989B00BEDA9C /* Debug */ = {
			isa = XCBuildConfiguration;
			baseConfigurationReference = 175AB16966EA78DDCAD2360E /* Pods-OneAppiOSUIKit-OneAppiOSUIKitTests.debug.xcconfig */;
			buildSettings = {
				ALWAYS_EMBED_SWIFT_STANDARD_LIBRARIES = YES;
				CODE_SIGN_STYLE = Automatic;
				CURRENT_PROJECT_VERSION = 1;
				DEVELOPMENT_TEAM = L8VPXC87N5;
				ENABLE_USER_SCRIPT_SANDBOXING = NO;
				GENERATE_INFOPLIST_FILE = YES;
				MARKETING_VERSION = 1.0;
				PRODUCT_BUNDLE_IDENTIFIER = "oneapp-designsystem-ios-UIKit.OneAppiOSUIKitTests";
				PRODUCT_NAME = "$(TARGET_NAME)";
				SWIFT_EMIT_LOC_STRINGS = NO;
				SWIFT_VERSION = 5.0;
				TARGETED_DEVICE_FAMILY = "1,2";
				TEST_HOST = "$(BUILT_PRODUCTS_DIR)/OneAppUIKit.app/$(BUNDLE_EXECUTABLE_FOLDER_PATH)/OneAppUIKit";
			};
			name = Debug;
		};
		521EE7E92D37989B00BEDA9C /* Release */ = {
			isa = XCBuildConfiguration;
			baseConfigurationReference = BC8C78030B8865E0FED2DF9F /* Pods-OneAppiOSUIKit-OneAppiOSUIKitTests.release.xcconfig */;
			buildSettings = {
				ALWAYS_EMBED_SWIFT_STANDARD_LIBRARIES = YES;
				CODE_SIGN_STYLE = Automatic;
				CURRENT_PROJECT_VERSION = 1;
				DEVELOPMENT_TEAM = L8VPXC87N5;
				ENABLE_USER_SCRIPT_SANDBOXING = NO;
				GENERATE_INFOPLIST_FILE = YES;
				MARKETING_VERSION = 1.0;
				PRODUCT_BUNDLE_IDENTIFIER = "oneapp-designsystem-ios-UIKit.OneAppiOSUIKitTests";
				PRODUCT_NAME = "$(TARGET_NAME)";
				SWIFT_EMIT_LOC_STRINGS = NO;
				SWIFT_VERSION = 5.0;
				TARGETED_DEVICE_FAMILY = "1,2";
				TEST_HOST = "$(BUILT_PRODUCTS_DIR)/OneAppUIKit.app/$(BUNDLE_EXECUTABLE_FOLDER_PATH)/OneAppUIKit";
			};
			name = Release;
		};
/* End XCBuildConfiguration section */

/* Begin XCConfigurationList section */
		521EE78F2D37985800BEDA9C /* Build configuration list for PBXProject "OneAppUIKit" */ = {
			isa = XCConfigurationList;
			buildConfigurations = (
				521EE7BC2D37985900BEDA9C /* Debug */,
				521EE7BD2D37985900BEDA9C /* Release */,
			);
			defaultConfigurationIsVisible = 0;
			defaultConfigurationName = Release;
		};
		521EE7BE2D37985900BEDA9C /* Build configuration list for PBXNativeTarget "OneAppUIKit" */ = {
			isa = XCConfigurationList;
			buildConfigurations = (
				521EE7BF2D37985900BEDA9C /* Debug */,
				521EE7C02D37985900BEDA9C /* Release */,
			);
			defaultConfigurationIsVisible = 0;
			defaultConfigurationName = Release;
		};
		521EE7C12D37985900BEDA9C /* Build configuration list for PBXNativeTarget "OneAppUIKitTests" */ = {
			isa = XCConfigurationList;
			buildConfigurations = (
				521EE7C22D37985900BEDA9C /* Debug */,
				521EE7C32D37985900BEDA9C /* Release */,
			);
			defaultConfigurationIsVisible = 0;
			defaultConfigurationName = Release;
		};
		521EE7C42D37985900BEDA9C /* Build configuration list for PBXNativeTarget "OneAppUIKitUITests" */ = {
			isa = XCConfigurationList;
			buildConfigurations = (
				521EE7C52D37985900BEDA9C /* Debug */,
				521EE7C62D37985900BEDA9C /* Release */,
			);
			defaultConfigurationIsVisible = 0;
			defaultConfigurationName = Release;
		};
		521EE7E32D37989B00BEDA9C /* Build configuration list for PBXNativeTarget "OneAppiOSUIKit" */ = {
			isa = XCConfigurationList;
			buildConfigurations = (
				521EE7E42D37989B00BEDA9C /* Debug */,
				521EE7E52D37989B00BEDA9C /* Release */,
			);
			defaultConfigurationIsVisible = 0;
			defaultConfigurationName = Release;
		};
		521EE7E72D37989B00BEDA9C /* Build configuration list for PBXNativeTarget "OneAppiOSUIKitTests" */ = {
			isa = XCConfigurationList;
			buildConfigurations = (
				521EE7E82D37989B00BEDA9C /* Debug */,
				521EE7E92D37989B00BEDA9C /* Release */,
			);
			defaultConfigurationIsVisible = 0;
			defaultConfigurationName = Release;
		};
/* End XCConfigurationList section */
	};
	rootObject = 521EE78C2D37985800BEDA9C /* Project object */;
}
